Microsoft Visual Studio Solution File, Format Version 12.00
# Visual Studio Version 18
VisualStudioVersion = 18.1.11312.151
MinimumVisualStudioVersion = 10.0.40219.1
Project("{8BC9CEB8-8B4A-11D0-8D11-00A0C91BC942}") = "CryptoPPLib", "Common\3dParty\cryptopp\project\CryptoPPLib.vcxproj", "{84B9E435-B5D5-3942-B1EC-16AB179B6D73}"
EndProject
Project("{8BC9CEB8-8B4A-11D0-8D11-00A0C91BC942}") = "CompoundFileLib", "Common\cfcpp\CompoundFileLib.vcxproj", "{811EB2B7-98B9-37C3-89AE-06CDF6A8366B}"
EndProject
Project("{8BC9CEB8-8B4A-11D0-8D11-00A0C91BC942}") = "UnicodeConverter", "UnicodeConverter\UnicodeConverter.vcxproj", "{72604A43-49D3-3F46-ABE6-69262C7A6C94}"
EndProject
Project("{8BC9CEB8-8B4A-11D0-8D11-00A0C91BC942}") = "kernel", "Common\kernel.vcxproj", "{8CA1DF25-405D-3037-91B5-8CB15F6CF57A}"
	ProjectSection(ProjectDependencies) = postProject
		{72604A43-49D3-3F46-ABE6-69262C7A6C94} = {72604A43-49D3-3F46-ABE6-69262C7A6C94}
	EndProjectSection
EndProject
Project("{8BC9CEB8-8B4A-11D0-8D11-00A0C91BC942}") = "kernel_network", "Common\Network\kernel_network.vcxproj", "{7BCD76C0-E68D-3950-B24F-37492F190CE5}"
	ProjectSection(ProjectDependencies) = postProject
		{8CA1DF25-405D-3037-91B5-8CB15F6CF57A} = {8CA1DF25-405D-3037-91B5-8CB15F6CF57A}
	EndProjectSection
EndProject
Project("{8BC9CEB8-8B4A-11D0-8D11-00A0C91BC942}") = "graphics", "DesktopEditor\graphics\pro\graphics.vcxproj", "{9D2FADDD-1DEB-3031-B37B-151815782252}"
	ProjectSection(ProjectDependencies) = postProject
		{72604A43-49D3-3F46-ABE6-69262C7A6C94} = {72604A43-49D3-3F46-ABE6-69262C7A6C94}
		{8CA1DF25-405D-3037-91B5-8CB15F6CF57A} = {8CA1DF25-405D-3037-91B5-8CB15F6CF57A}
	EndProjectSection
EndProject
Project("{8BC9CEB8-8B4A-11D0-8D11-00A0C91BC942}") = "PdfFile", "PdfFile\PdfFile.vcxproj", "{60F450F4-E3D8-34AD-9A4F-416CDAACA722}"
	ProjectSection(ProjectDependencies) = postProject
		{9D2FADDD-1DEB-3031-B37B-151815782252} = {9D2FADDD-1DEB-3031-B37B-151815782252}
		{8CA1DF25-405D-3037-91B5-8CB15F6CF57A} = {8CA1DF25-405D-3037-91B5-8CB15F6CF57A}
		{72604A43-49D3-3F46-ABE6-69262C7A6C94} = {72604A43-49D3-3F46-ABE6-69262C7A6C94}
		{7BCD76C0-E68D-3950-B24F-37492F190CE5} = {7BCD76C0-E68D-3950-B24F-37492F190CE5}
		{84B9E435-B5D5-3942-B1EC-16AB179B6D73} = {84B9E435-B5D5-3942-B1EC-16AB179B6D73}
	EndProjectSection
EndProject
Project("{8BC9CEB8-8B4A-11D0-8D11-00A0C91BC942}") = "DjVuFile", "DjVuFile\DjVuFile.vcxproj", "{230E00DB-CC10-365B-B3B6-AA2FF796EBC2}"
	ProjectSection(ProjectDependencies) = postProject
		{9D2FADDD-1DEB-3031-B37B-151815782252} = {9D2FADDD-1DEB-3031-B37B-151815782252}
		{8CA1DF25-405D-3037-91B5-8CB15F6CF57A} = {8CA1DF25-405D-3037-91B5-8CB15F6CF57A}
		{72604A43-49D3-3F46-ABE6-69262C7A6C94} = {72604A43-49D3-3F46-ABE6-69262C7A6C94}
		{60F450F4-E3D8-34AD-9A4F-416CDAACA722} = {60F450F4-E3D8-34AD-9A4F-416CDAACA722}
	EndProjectSection
EndProject
Project("{8BC9CEB8-8B4A-11D0-8D11-00A0C91BC942}") = "XpsFile", "XpsFile\XpsFile.vcxproj", "{3AA6619E-B400-3E08-8245-7DB70BF703A4}"
	ProjectSection(ProjectDependencies) = postProject
		{9D2FADDD-1DEB-3031-B37B-151815782252} = {9D2FADDD-1DEB-3031-B37B-151815782252}
		{8CA1DF25-405D-3037-91B5-8CB15F6CF57A} = {8CA1DF25-405D-3037-91B5-8CB15F6CF57A}
		{72604A43-49D3-3F46-ABE6-69262C7A6C94} = {72604A43-49D3-3F46-ABE6-69262C7A6C94}
		{60F450F4-E3D8-34AD-9A4F-416CDAACA722} = {60F450F4-E3D8-34AD-9A4F-416CDAACA722}
	EndProjectSection
EndProject
Project("{8BC9CEB8-8B4A-11D0-8D11-00A0C91BC942}") = "OFDFile", "OFDFile\OFDFile.vcxproj", "{85021445-42BF-38DA-B37C-07E3B8D91E3C}"
	ProjectSection(ProjectDependencies) = postProject
		{9D2FADDD-1DEB-3031-B37B-151815782252} = {9D2FADDD-1DEB-3031-B37B-151815782252}
		{8CA1DF25-405D-3037-91B5-8CB15F6CF57A} = {8CA1DF25-405D-3037-91B5-8CB15F6CF57A}
		{72604A43-49D3-3F46-ABE6-69262C7A6C94} = {72604A43-49D3-3F46-ABE6-69262C7A6C94}
		{60F450F4-E3D8-34AD-9A4F-416CDAACA722} = {60F450F4-E3D8-34AD-9A4F-416CDAACA722}
	EndProjectSection
EndProject
Project("{8BC9CEB8-8B4A-11D0-8D11-00A0C91BC942}") = "HtmlFile2", "HtmlFile2\HtmlFile2.vcxproj", "{D43FE4F2-7F15-3033-8604-25E4C4E01765}"
	ProjectSection(ProjectDependencies) = postProject
		{8CA1DF25-405D-3037-91B5-8CB15F6CF57A} = {8CA1DF25-405D-3037-91B5-8CB15F6CF57A}
		{72604A43-49D3-3F46-ABE6-69262C7A6C94} = {72604A43-49D3-3F46-ABE6-69262C7A6C94}
		{9D2FADDD-1DEB-3031-B37B-151815782252} = {9D2FADDD-1DEB-3031-B37B-151815782252}
		{7BCD76C0-E68D-3950-B24F-37492F190CE5} = {7BCD76C0-E68D-3950-B24F-37492F190CE5}
	EndProjectSection
EndProject
Project("{8BC9CEB8-8B4A-11D0-8D11-00A0C91BC942}") = "Fb2File", "Fb2File\Fb2File.vcxproj", "{2D8C659B-B0CA-326A-B3F7-97D0B6C47BB3}"
	ProjectSection(ProjectDependencies) = postProject
		{8CA1DF25-405D-3037-91B5-8CB15F6CF57A} = {8CA1DF25-405D-3037-91B5-8CB15F6CF57A}
		{72604A43-49D3-3F46-ABE6-69262C7A6C94} = {72604A43-49D3-3F46-ABE6-69262C7A6C94}
		{9D2FADDD-1DEB-3031-B37B-151815782252} = {9D2FADDD-1DEB-3031-B37B-151815782252}
	EndProjectSection
EndProject
Project("{8BC9CEB8-8B4A-11D0-8D11-00A0C91BC942}") = "EpubFile", "EpubFile\EpubFile.vcxproj", "{C8AD5086-33F8-349E-BAC1-10B4DD434B72}"
	ProjectSection(ProjectDependencies) = postProject
		{8CA1DF25-405D-3037-91B5-8CB15F6CF57A} = {8CA1DF25-405D-3037-91B5-8CB15F6CF57A}
		{9D2FADDD-1DEB-3031-B37B-151815782252} = {9D2FADDD-1DEB-3031-B37B-151815782252}
		{D43FE4F2-7F15-3033-8604-25E4C4E01765} = {D43FE4F2-7F15-3033-8604-25E4C4E01765}
	EndProjectSection
EndProject
Project("{8BC9CEB8-8B4A-11D0-8D11-00A0C91BC942}") = "HWPFile", "HwpFile\HWPFile.vcxproj", "{F61FCF4F-2ECD-3C1B-8E8B-D205082DE793}"
	ProjectSection(ProjectDependencies) = postProject
		{84B9E435-B5D5-3942-B1EC-16AB179B6D73} = {84B9E435-B5D5-3942-B1EC-16AB179B6D73}
		{8CA1DF25-405D-3037-91B5-8CB15F6CF57A} = {8CA1DF25-405D-3037-91B5-8CB15F6CF57A}
		{72604A43-49D3-3F46-ABE6-69262C7A6C94} = {72604A43-49D3-3F46-ABE6-69262C7A6C94}
		{9D2FADDD-1DEB-3031-B37B-151815782252} = {9D2FADDD-1DEB-3031-B37B-151815782252}
	EndProjectSection
EndProject
Project("{8BC9CEB8-8B4A-11D0-8D11-00A0C91BC942}") = "IWorkFile", "Apple\IWorkFile.vcxproj", "{E9F6CD1C-83A6-31D3-B8B2-0114A44D37A4}"
	ProjectSection(ProjectDependencies) = postProject
		{8CA1DF25-405D-3037-91B5-8CB15F6CF57A} = {8CA1DF25-405D-3037-91B5-8CB15F6CF57A}
		{72604A43-49D3-3F46-ABE6-69262C7A6C94} = {72604A43-49D3-3F46-ABE6-69262C7A6C94}
	EndProjectSection
EndProject
Project("{8BC9CEB8-8B4A-11D0-8D11-00A0C91BC942}") = "DocxRenderer", "DocxRenderer\DocxRenderer.vcxproj", "{E1EC3E4A-DBD2-36B8-8D04-A7592E5034F2}"
	ProjectSection(ProjectDependencies) = postProject
		{72604A43-49D3-3F46-ABE6-69262C7A6C94} = {72604A43-49D3-3F46-ABE6-69262C7A6C94}
		{8CA1DF25-405D-3037-91B5-8CB15F6CF57A} = {8CA1DF25-405D-3037-91B5-8CB15F6CF57A}
		{9D2FADDD-1DEB-3031-B37B-151815782252} = {9D2FADDD-1DEB-3031-B37B-151815782252}
	EndProjectSection
EndProject
Project("{8BC9CEB8-8B4A-11D0-8D11-00A0C91BC942}") = "doctrenderer", "DesktopEditor\doctrenderer\doctrenderer.vcxproj", "{C88F8A36-D44F-3345-BEEA-FBB7622AAA55}"
	ProjectSection(ProjectDependencies) = postProject
		{9D2FADDD-1DEB-3031-B37B-151815782252} = {9D2FADDD-1DEB-3031-B37B-151815782252}
		{8CA1DF25-405D-3037-91B5-8CB15F6CF57A} = {8CA1DF25-405D-3037-91B5-8CB15F6CF57A}
		{72604A43-49D3-3F46-ABE6-69262C7A6C94} = {72604A43-49D3-3F46-ABE6-69262C7A6C94}
		{7BCD76C0-E68D-3950-B24F-37492F190CE5} = {7BCD76C0-E68D-3950-B24F-37492F190CE5}
		{60F450F4-E3D8-34AD-9A4F-416CDAACA722} = {60F450F4-E3D8-34AD-9A4F-416CDAACA722}
		{3AA6619E-B400-3E08-8245-7DB70BF703A4} = {3AA6619E-B400-3E08-8245-7DB70BF703A4}
		{230E00DB-CC10-365B-B3B6-AA2FF796EBC2} = {230E00DB-CC10-365B-B3B6-AA2FF796EBC2}
		{E1EC3E4A-DBD2-36B8-8D04-A7592E5034F2} = {E1EC3E4A-DBD2-36B8-8D04-A7592E5034F2}
	EndProjectSection
EndProject
Project("{8BC9CEB8-8B4A-11D0-8D11-00A0C91BC942}") = "DocxFormatLib", "OOXML\Projects\Linux\DocxFormatLib\DocxFormatLib.vcxproj", "{4C177A10-A526-3FA8-B4E1-A0D42B4004FE}"
EndProject
Project("{8BC9CEB8-8B4A-11D0-8D11-00A0C91BC942}") = "PPTXFormatLib", "OOXML\Projects\Linux\PPTXFormatLib\PPTXFormatLib.vcxproj", "{34B54B85-F235-3E99-97F5-C0CFEBFD5B11}"
EndProject
Project("{8BC9CEB8-8B4A-11D0-8D11-00A0C91BC942}") = "XlsbFormatLib", "OOXML\Projects\Linux\XlsbFormatLib\XlsbFormatLib.vcxproj", "{EC25B6F5-296E-31A1-AF7D-663503879020}"
EndProject
Project("{8BC9CEB8-8B4A-11D0-8D11-00A0C91BC942}") = "DocFormatLib", "MsBinaryFile\Projects\DocFormatLib\Linux\DocFormatLib.vcxproj", "{EBE4210A-2098-3D06-9FD2-1BA50AB06BD7}"
EndProject
Project("{8BC9CEB8-8B4A-11D0-8D11-00A0C91BC942}") = "PptFormatLib", "MsBinaryFile\Projects\PPTFormatLib\Linux\PptFormatLib.vcxproj", "{F80B96BE-882C-3F0E-BE8F-0F3FD0C7C512}"
EndProject
Project("{8BC9CEB8-8B4A-11D0-8D11-00A0C91BC942}") = "XlsFormatLib", "MsBinaryFile\Projects\XlsFormatLib\Linux\XlsFormatLib.vcxproj", "{D2555412-ABE2-349C-B2FD-3125B9895ECF}"
EndProject
Project("{8BC9CEB8-8B4A-11D0-8D11-00A0C91BC942}") = "VbaFormatLib", "MsBinaryFile\Projects\VbaFormatLib\Linux\VbaFormatLib.vcxproj", "{0D73EA96-D3EE-3A91-94E7-AF8DBD5C47DD}"
EndProject
Project("{8BC9CEB8-8B4A-11D0-8D11-00A0C91BC942}") = "TxtXmlFormatLib", "TxtFile\Projects\Linux\TxtXmlFormatLib.vcxproj", "{B01A233E-0247-3482-B13D-AE5141CCAD0F}"
EndProject
Project("{8BC9CEB8-8B4A-11D0-8D11-00A0C91BC942}") = "RtfFormatLib", "RtfFile\Projects\Linux\RtfFormatLib.vcxproj", "{3CCB1338-950C-3ACD-A6A0-746DE21DF0A6}"
EndProject
Project("{8BC9CEB8-8B4A-11D0-8D11-00A0C91BC942}") = "OdfFormatLib", "OdfFile\Projects\Linux\OdfFormatLib.vcxproj", "{4164763D-3F0E-330D-9732-99B620EC8861}"
	ProjectSection(ProjectDependencies) = postProject
		{72604A43-49D3-3F46-ABE6-69262C7A6C94} = {72604A43-49D3-3F46-ABE6-69262C7A6C94}
		{8CA1DF25-405D-3037-91B5-8CB15F6CF57A} = {8CA1DF25-405D-3037-91B5-8CB15F6CF57A}
	EndProjectSection
EndProject
Project("{8BC9CEB8-8B4A-11D0-8D11-00A0C91BC942}") = "BinDocument", "OOXML\Projects\Linux\BinDocument\BinDocument.vcxproj", "{926F0699-AF45-3EF4-B50A-BD690BF252C5}"
EndProject
Project("{8BC9CEB8-8B4A-11D0-8D11-00A0C91BC942}") = "x2t", "X2tConverter\build\Qt\x2t.vcxproj", "{7E519E00-84E6-32DE-A118-9E9BD9430069}"
	ProjectSection(ProjectDependencies) = postProject
		{0D73EA96-D3EE-3A91-94E7-AF8DBD5C47DD} = {0D73EA96-D3EE-3A91-94E7-AF8DBD5C47DD}
		{EBE4210A-2098-3D06-9FD2-1BA50AB06BD7} = {EBE4210A-2098-3D06-9FD2-1BA50AB06BD7}
		{F80B96BE-882C-3F0E-BE8F-0F3FD0C7C512} = {F80B96BE-882C-3F0E-BE8F-0F3FD0C7C512}
		{3CCB1338-950C-3ACD-A6A0-746DE21DF0A6} = {3CCB1338-950C-3ACD-A6A0-746DE21DF0A6}
		{B01A233E-0247-3482-B13D-AE5141CCAD0F} = {B01A233E-0247-3482-B13D-AE5141CCAD0F}
		{926F0699-AF45-3EF4-B50A-BD690BF252C5} = {926F0699-AF45-3EF4-B50A-BD690BF252C5}
		{34B54B85-F235-3E99-97F5-C0CFEBFD5B11} = {34B54B85-F235-3E99-97F5-C0CFEBFD5B11}
		{4C177A10-A526-3FA8-B4E1-A0D42B4004FE} = {4C177A10-A526-3FA8-B4E1-A0D42B4004FE}
		{EC25B6F5-296E-31A1-AF7D-663503879020} = {EC25B6F5-296E-31A1-AF7D-663503879020}
		{D2555412-ABE2-349C-B2FD-3125B9895ECF} = {D2555412-ABE2-349C-B2FD-3125B9895ECF}
		{811EB2B7-98B9-37C3-89AE-06CDF6A8366B} = {811EB2B7-98B9-37C3-89AE-06CDF6A8366B}
		{84B9E435-B5D5-3942-B1EC-16AB179B6D73} = {84B9E435-B5D5-3942-B1EC-16AB179B6D73}
		{9D2FADDD-1DEB-3031-B37B-151815782252} = {9D2FADDD-1DEB-3031-B37B-151815782252}
		{8CA1DF25-405D-3037-91B5-8CB15F6CF57A} = {8CA1DF25-405D-3037-91B5-8CB15F6CF57A}
		{72604A43-49D3-3F46-ABE6-69262C7A6C94} = {72604A43-49D3-3F46-ABE6-69262C7A6C94}
		{7BCD76C0-E68D-3950-B24F-37492F190CE5} = {7BCD76C0-E68D-3950-B24F-37492F190CE5}
		{2D8C659B-B0CA-326A-B3F7-97D0B6C47BB3} = {2D8C659B-B0CA-326A-B3F7-97D0B6C47BB3}
		{60F450F4-E3D8-34AD-9A4F-416CDAACA722} = {60F450F4-E3D8-34AD-9A4F-416CDAACA722}
		{D43FE4F2-7F15-3033-8604-25E4C4E01765} = {D43FE4F2-7F15-3033-8604-25E4C4E01765}
		{C8AD5086-33F8-349E-BAC1-10B4DD434B72} = {C8AD5086-33F8-349E-BAC1-10B4DD434B72}
		{3AA6619E-B400-3E08-8245-7DB70BF703A4} = {3AA6619E-B400-3E08-8245-7DB70BF703A4}
		{85021445-42BF-38DA-B37C-07E3B8D91E3C} = {85021445-42BF-38DA-B37C-07E3B8D91E3C}
		{230E00DB-CC10-365B-B3B6-AA2FF796EBC2} = {230E00DB-CC10-365B-B3B6-AA2FF796EBC2}
		{C88F8A36-D44F-3345-BEEA-FBB7622AAA55} = {C88F8A36-D44F-3345-BEEA-FBB7622AAA55}
		{E1EC3E4A-DBD2-36B8-8D04-A7592E5034F2} = {E1EC3E4A-DBD2-36B8-8D04-A7592E5034F2}
		{E9F6CD1C-83A6-31D3-B8B2-0114A44D37A4} = {E9F6CD1C-83A6-31D3-B8B2-0114A44D37A4}
		{F61FCF4F-2ECD-3C1B-8E8B-D205082DE793} = {F61FCF4F-2ECD-3C1B-8E8B-D205082DE793}
		{4164763D-3F0E-330D-9732-99B620EC8861} = {4164763D-3F0E-330D-9732-99B620EC8861}
	EndProjectSection
EndProject
Project("{8BC9CEB8-8B4A-11D0-8D11-00A0C91BC942}") = "allfontsgen", "DesktopEditor\AllFontsGen\allfontsgen.vcxproj", "{0224D41A-BA7F-3221-9FAF-659A40D23FEE}"
	ProjectSection(ProjectDependencies) = postProject
		{9D2FADDD-1DEB-3031-B37B-151815782252} = {9D2FADDD-1DEB-3031-B37B-151815782252}
		{8CA1DF25-405D-3037-91B5-8CB15F6CF57A} = {8CA1DF25-405D-3037-91B5-8CB15F6CF57A}
		{72604A43-49D3-3F46-ABE6-69262C7A6C94} = {72604A43-49D3-3F46-ABE6-69262C7A6C94}
	EndProjectSection
EndProject
Project("{8BC9CEB8-8B4A-11D0-8D11-00A0C91BC942}") = "allthemesgen", "DesktopEditor\allthemesgen\allthemesgen.vcxproj", "{C8C8650A-3C69-35E0-886F-1550A5E93BC6}"
	ProjectSection(ProjectDependencies) = postProject
		{9D2FADDD-1DEB-3031-B37B-151815782252} = {9D2FADDD-1DEB-3031-B37B-151815782252}
		{8CA1DF25-405D-3037-91B5-8CB15F6CF57A} = {8CA1DF25-405D-3037-91B5-8CB15F6CF57A}
		{7BCD76C0-E68D-3950-B24F-37492F190CE5} = {7BCD76C0-E68D-3950-B24F-37492F190CE5}
		{72604A43-49D3-3F46-ABE6-69262C7A6C94} = {72604A43-49D3-3F46-ABE6-69262C7A6C94}
		{C88F8A36-D44F-3345-BEEA-FBB7622AAA55} = {C88F8A36-D44F-3345-BEEA-FBB7622AAA55}
		{60F450F4-E3D8-34AD-9A4F-416CDAACA722} = {60F450F4-E3D8-34AD-9A4F-416CDAACA722}
		{3AA6619E-B400-3E08-8245-7DB70BF703A4} = {3AA6619E-B400-3E08-8245-7DB70BF703A4}
		{230E00DB-CC10-365B-B3B6-AA2FF796EBC2} = {230E00DB-CC10-365B-B3B6-AA2FF796EBC2}
		{E1EC3E4A-DBD2-36B8-8D04-A7592E5034F2} = {E1EC3E4A-DBD2-36B8-8D04-A7592E5034F2}
	EndProjectSection
EndProject
Project("{8BC9CEB8-8B4A-11D0-8D11-00A0C91BC942}") = "docbuilder", "DesktopEditor\doctrenderer\app_builder\docbuilder.vcxproj", "{3CA8522B-7C8A-3C59-ABC4-F9FC495DB85A}"
	ProjectSection(ProjectDependencies) = postProject
		{9D2FADDD-1DEB-3031-B37B-151815782252} = {9D2FADDD-1DEB-3031-B37B-151815782252}
		{8CA1DF25-405D-3037-91B5-8CB15F6CF57A} = {8CA1DF25-405D-3037-91B5-8CB15F6CF57A}
		{7BCD76C0-E68D-3950-B24F-37492F190CE5} = {7BCD76C0-E68D-3950-B24F-37492F190CE5}
		{72604A43-49D3-3F46-ABE6-69262C7A6C94} = {72604A43-49D3-3F46-ABE6-69262C7A6C94}
		{C88F8A36-D44F-3345-BEEA-FBB7622AAA55} = {C88F8A36-D44F-3345-BEEA-FBB7622AAA55}
		{60F450F4-E3D8-34AD-9A4F-416CDAACA722} = {60F450F4-E3D8-34AD-9A4F-416CDAACA722}
		{3AA6619E-B400-3E08-8245-7DB70BF703A4} = {3AA6619E-B400-3E08-8245-7DB70BF703A4}
		{230E00DB-CC10-365B-B3B6-AA2FF796EBC2} = {230E00DB-CC10-365B-B3B6-AA2FF796EBC2}
		{E1EC3E4A-DBD2-36B8-8D04-A7592E5034F2} = {E1EC3E4A-DBD2-36B8-8D04-A7592E5034F2}
	EndProjectSection
EndProject
Project("{8BC9CEB8-8B4A-11D0-8D11-00A0C91BC942}") = "pluginsmanager", "DesktopEditor\pluginsmanager\pluginsmanager.vcxproj", "{BA4D8EB2-6461-30A8-9CED-06A6D7F76B19}"
	ProjectSection(ProjectDependencies) = postProject
		{8CA1DF25-405D-3037-91B5-8CB15F6CF57A} = {8CA1DF25-405D-3037-91B5-8CB15F6CF57A}
		{7BCD76C0-E68D-3950-B24F-37492F190CE5} = {7BCD76C0-E68D-3950-B24F-37492F190CE5}
		{72604A43-49D3-3F46-ABE6-69262C7A6C94} = {72604A43-49D3-3F46-ABE6-69262C7A6C94}
	EndProjectSection
EndProject
Project("{8BC9CEB8-8B4A-11D0-8D11-00A0C91BC942}") = "ooxml_crypt_test", "OfficeCryptReader\ooxml_crypt\ooxml_crypt.vcxproj", "{3618F60A-CFD8-331D-A888-7793B31C4BE8}"
	ProjectSection(ProjectDependencies) = postProject
		{84B9E435-B5D5-3942-B1EC-16AB179B6D73} = {84B9E435-B5D5-3942-B1EC-16AB179B6D73}
		{811EB2B7-98B9-37C3-89AE-06CDF6A8366B} = {811EB2B7-98B9-37C3-89AE-06CDF6A8366B}
		{72604A43-49D3-3F46-ABE6-69262C7A6C94} = {72604A43-49D3-3F46-ABE6-69262C7A6C94}
		{8CA1DF25-405D-3037-91B5-8CB15F6CF57A} = {8CA1DF25-405D-3037-91B5-8CB15F6CF57A}
	EndProjectSection
EndProject
Project("{8BC9CEB8-8B4A-11D0-8D11-00A0C91BC942}") = "hunspell", "Common\3dParty\hunspell\qt\hunspell.vcxproj", "{35A28C82-30BD-30AC-9E32-EB82841D16CD}"
EndProject
Project("{8BC9CEB8-8B4A-11D0-8D11-00A0C91BC942}") = "vboxtester", "DesktopEditor\vboxtester\vboxtester.vcxproj", "{CA81460B-6B93-38AB-863E-FDF0EEF33126}"
	ProjectSection(ProjectDependencies) = postProject
		{8CA1DF25-405D-3037-91B5-8CB15F6CF57A} = {8CA1DF25-405D-3037-91B5-8CB15F6CF57A}
		{7BCD76C0-E68D-3950-B24F-37492F190CE5} = {7BCD76C0-E68D-3950-B24F-37492F190CE5}
		{72604A43-49D3-3F46-ABE6-69262C7A6C94} = {72604A43-49D3-3F46-ABE6-69262C7A6C94}
	EndProjectSection
EndProject
Project("{8BC9CEB8-8B4A-11D0-8D11-00A0C91BC942}") = "standardtester", "Test\Applications\StandardTester\standardtester.vcxproj", "{645E9FD1-CEDC-3910-9AEE-33AAC12D6597}"
	ProjectSection(ProjectDependencies) = postProject
		{8CA1DF25-405D-3037-91B5-8CB15F6CF57A} = {8CA1DF25-405D-3037-91B5-8CB15F6CF57A}
		{9D2FADDD-1DEB-3031-B37B-151815782252} = {9D2FADDD-1DEB-3031-B37B-151815782252}
		{72604A43-49D3-3F46-ABE6-69262C7A6C94} = {72604A43-49D3-3F46-ABE6-69262C7A6C94}
	EndProjectSection
EndProject
Project("{8BC9CEB8-8B4A-11D0-8D11-00A0C91BC942}") = "x2ttester", "Test\Applications\x2tTester\x2ttester.vcxproj", "{2AD4CE98-4DD5-386B-85AB-19EE26DFFE97}"
	ProjectSection(ProjectDependencies) = postProject
		{8CA1DF25-405D-3037-91B5-8CB15F6CF57A} = {8CA1DF25-405D-3037-91B5-8CB15F6CF57A}
		{9D2FADDD-1DEB-3031-B37B-151815782252} = {9D2FADDD-1DEB-3031-B37B-151815782252}
		{72604A43-49D3-3F46-ABE6-69262C7A6C94} = {72604A43-49D3-3F46-ABE6-69262C7A6C94}
	EndProjectSection
EndProject
Project("{8BC9CEB8-8B4A-11D0-8D11-00A0C91BC942}") = "metafiletester", "Test\Applications\MetafileTester\metafiletester.vcxproj", "{E9A043D3-A5CA-3E12-B1B4-2ED677B77905}"
	ProjectSection(ProjectDependencies) = postProject
		{8CA1DF25-405D-3037-91B5-8CB15F6CF57A} = {8CA1DF25-405D-3037-91B5-8CB15F6CF57A}
		{9D2FADDD-1DEB-3031-B37B-151815782252} = {9D2FADDD-1DEB-3031-B37B-151815782252}
		{72604A43-49D3-3F46-ABE6-69262C7A6C94} = {72604A43-49D3-3F46-ABE6-69262C7A6C94}
	EndProjectSection
EndProject
Project("{8BC9CEB8-8B4A-11D0-8D11-00A0C91BC942}") = "dictionariestester", "Common\3dParty\hunspell\test\dictionariestester.vcxproj", "{04829EB1-2025-351B-ABFB-5023C533A88D}"
	ProjectSection(ProjectDependencies) = postProject
		{72604A43-49D3-3F46-ABE6-69262C7A6C94} = {72604A43-49D3-3F46-ABE6-69262C7A6C94}
		{8CA1DF25-405D-3037-91B5-8CB15F6CF57A} = {8CA1DF25-405D-3037-91B5-8CB15F6CF57A}
	EndProjectSection
EndProject
Project("{2150E333-8FDC-42A3-9474-1A3956D46DE8}") = "Formats", "Formats", "{0B709981-69AE-494D-862C-02D7875B4852}"
EndProject
Project("{2150E333-8FDC-42A3-9474-1A3956D46DE8}") = "Common", "Common", "{F1549FEC-94A7-495A-B7B3-869FAADF5E4B}"
EndProject
Project("{2150E333-8FDC-42A3-9474-1A3956D46DE8}") = "TestLib", "TestLib", "{1AD7B9A0-334E-46FE-A371-DD86E2FC7005}"
EndProject
Project("{8BC9CEB8-8B4A-11D0-8D11-00A0C91BC942}") = "DocFormatTest", "MsBinaryFile\Projects\DocFormatLib\Windows\Test\DocFormatTest.vcxproj", "{0F49D5D1-A8D3-4F97-8BC1-E2F65BB00C10}"
EndProject
Project("{8BC9CEB8-8B4A-11D0-8D11-00A0C91BC942}") = "ooxml_crypt_lib", "OfficeCryptReader\ooxml_crypt\ooxml_crypt_lib.vcxproj", "{84CBBF40-B485-41E3-B4A8-49525B89C166}"
EndProject
Project("{8BC9CEB8-8B4A-11D0-8D11-00A0C91BC942}") = "PptFormatTest", "MsBinaryFile\Projects\PPTFormatLib\Windows\Test\PptFormatTest.vcxproj", "{C4FB83E0-67AD-46E3-B892-76565B491B83}"
EndProject
Project("{8BC9CEB8-8B4A-11D0-8D11-00A0C91BC942}") = "XlsFormatTest", "MsBinaryFile\Projects\XlsFormatLib\Windows\Test\XlsFormatTest.vcxproj", "{C2882DDD-07E6-4314-AD4B-48F43F38D722}"
EndProject
Project("{8BC9CEB8-8B4A-11D0-8D11-00A0C91BC942}") = "PdfFileTest", "PdfFile\test\test.vcxproj", "{42ADD379-DF64-2892-4E57-2A24FC8DA43C}"
EndProject
Project("{8BC9CEB8-8B4A-11D0-8D11-00A0C91BC942}") = "ooxmlsignature", "DesktopEditor\xmlsec\src\ooxmlsignature.vcxproj", "{6BE3C07B-535E-CC96-871B-6E346580CB61}"
EndProject
Project("{8BC9CEB8-8B4A-11D0-8D11-00A0C91BC942}") = "XpsFileTest", "XpsFile\XpsFileTest\XpsFileTest.vcxproj", "{84BACD6F-275B-4C60-AC5A-F541919728C5}"
EndProject
Project("{8BC9CEB8-8B4A-11D0-8D11-00A0C91BC942}") = "IWorkFileTest", "Apple\test\IWorkFileTest.vcxproj", "{58BBCDE6-473A-B683-7D16-1AD5E9D0D984}"
EndProject
Project("{8BC9CEB8-8B4A-11D0-8D11-00A0C91BC942}") = "DjVuFileTest", "DjVuFile\DjVuFileTest\DjVuFileTest.vcxproj", "{6D3BC8A8-93A8-468E-90CE-BCEAC28B8788}"
EndProject
Project("{8BC9CEB8-8B4A-11D0-8D11-00A0C91BC942}") = "HtmlFile", "HtmlFile\HtmlFile.vcxproj", "{B3D61686-7EC6-FE35-B465-6958BA6B074B}"
EndProject
Project("{8BC9CEB8-8B4A-11D0-8D11-00A0C91BC942}") = "OfficeUtils", "OfficeUtils\OfficeUtils.vcxproj", "{96CAEA41-1A57-5F81-9F15-51D68A214C80}"
EndProject
Project("{8BC9CEB8-8B4A-11D0-8D11-00A0C91BC942}") = "OfficeUtilsTest", "OfficeUtils\tests\tests.vcxproj", "{144F9236-070C-E647-2110-3CEB2D7059D5}"
EndProject
Global
	GlobalSection(SolutionConfigurationPlatforms) = preSolution
		Release|x64 = Release|x64
	EndGlobalSection
	GlobalSection(ProjectConfigurationPlatforms) = postSolution
		{84B9E435-B5D5-3942-B1EC-16AB179B6D73}.Release|x64.ActiveCfg = Release|x64
		{84B9E435-B5D5-3942-B1EC-16AB179B6D73}.Release|x64.Build.0 = Release|x64
		{811EB2B7-98B9-37C3-89AE-06CDF6A8366B}.Release|x64.ActiveCfg = Release|x64
		{811EB2B7-98B9-37C3-89AE-06CDF6A8366B}.Release|x64.Build.0 = Release|x64
		{72604A43-49D3-3F46-ABE6-69262C7A6C94}.Release|x64.ActiveCfg = Release|x64
		{72604A43-49D3-3F46-ABE6-69262C7A6C94}.Release|x64.Build.0 = Release|x64
		{8CA1DF25-405D-3037-91B5-8CB15F6CF57A}.Release|x64.ActiveCfg = Release|x64
		{8CA1DF25-405D-3037-91B5-8CB15F6CF57A}.Release|x64.Build.0 = Release|x64
		{7BCD76C0-E68D-3950-B24F-37492F190CE5}.Release|x64.ActiveCfg = Release|x64
		{7BCD76C0-E68D-3950-B24F-37492F190CE5}.Release|x64.Build.0 = Release|x64
		{9D2FADDD-1DEB-3031-B37B-151815782252}.Release|x64.ActiveCfg = Release|x64
		{9D2FADDD-1DEB-3031-B37B-151815782252}.Release|x64.Build.0 = Release|x64
		{60F450F4-E3D8-34AD-9A4F-416CDAACA722}.Release|x64.ActiveCfg = Release|x64
		{60F450F4-E3D8-34AD-9A4F-416CDAACA722}.Release|x64.Build.0 = Release|x64
		{230E00DB-CC10-365B-B3B6-AA2FF796EBC2}.Release|x64.ActiveCfg = Release|x64
		{230E00DB-CC10-365B-B3B6-AA2FF796EBC2}.Release|x64.Build.0 = Release|x64
		{3AA6619E-B400-3E08-8245-7DB70BF703A4}.Release|x64.ActiveCfg = Release|x64
		{3AA6619E-B400-3E08-8245-7DB70BF703A4}.Release|x64.Build.0 = Release|x64
		{85021445-42BF-38DA-B37C-07E3B8D91E3C}.Release|x64.ActiveCfg = Release|x64
		{85021445-42BF-38DA-B37C-07E3B8D91E3C}.Release|x64.Build.0 = Release|x64
		{D43FE4F2-7F15-3033-8604-25E4C4E01765}.Release|x64.ActiveCfg = Release|x64
		{D43FE4F2-7F15-3033-8604-25E4C4E01765}.Release|x64.Build.0 = Release|x64
		{2D8C659B-B0CA-326A-B3F7-97D0B6C47BB3}.Release|x64.ActiveCfg = Release|x64
		{2D8C659B-B0CA-326A-B3F7-97D0B6C47BB3}.Release|x64.Build.0 = Release|x64
		{C8AD5086-33F8-349E-BAC1-10B4DD434B72}.Release|x64.ActiveCfg = Release|x64
		{C8AD5086-33F8-349E-BAC1-10B4DD434B72}.Release|x64.Build.0 = Release|x64
		{F61FCF4F-2ECD-3C1B-8E8B-D205082DE793}.Release|x64.ActiveCfg = Release|x64
		{F61FCF4F-2ECD-3C1B-8E8B-D205082DE793}.Release|x64.Build.0 = Release|x64
		{E9F6CD1C-83A6-31D3-B8B2-0114A44D37A4}.Release|x64.ActiveCfg = Release|x64
		{E9F6CD1C-83A6-31D3-B8B2-0114A44D37A4}.Release|x64.Build.0 = Release|x64
		{E1EC3E4A-DBD2-36B8-8D04-A7592E5034F2}.Release|x64.ActiveCfg = Release|x64
		{E1EC3E4A-DBD2-36B8-8D04-A7592E5034F2}.Release|x64.Build.0 = Release|x64
		{C88F8A36-D44F-3345-BEEA-FBB7622AAA55}.Release|x64.ActiveCfg = Release|x64
		{C88F8A36-D44F-3345-BEEA-FBB7622AAA55}.Release|x64.Build.0 = Release|x64
		{4C177A10-A526-3FA8-B4E1-A0D42B4004FE}.Release|x64.ActiveCfg = Release|x64
		{4C177A10-A526-3FA8-B4E1-A0D42B4004FE}.Release|x64.Build.0 = Release|x64
		{34B54B85-F235-3E99-97F5-C0CFEBFD5B11}.Release|x64.ActiveCfg = Release|x64
		{34B54B85-F235-3E99-97F5-C0CFEBFD5B11}.Release|x64.Build.0 = Release|x64
		{EC25B6F5-296E-31A1-AF7D-663503879020}.Release|x64.ActiveCfg = Release|x64
		{EC25B6F5-296E-31A1-AF7D-663503879020}.Release|x64.Build.0 = Release|x64
		{EBE4210A-2098-3D06-9FD2-1BA50AB06BD7}.Release|x64.ActiveCfg = Release|x64
		{EBE4210A-2098-3D06-9FD2-1BA50AB06BD7}.Release|x64.Build.0 = Release|x64
		{F80B96BE-882C-3F0E-BE8F-0F3FD0C7C512}.Release|x64.ActiveCfg = Release|x64
		{F80B96BE-882C-3F0E-BE8F-0F3FD0C7C512}.Release|x64.Build.0 = Release|x64
		{D2555412-ABE2-349C-B2FD-3125B9895ECF}.Release|x64.ActiveCfg = Release|x64
		{D2555412-ABE2-349C-B2FD-3125B9895ECF}.Release|x64.Build.0 = Release|x64
		{0D73EA96-D3EE-3A91-94E7-AF8DBD5C47DD}.Release|x64.ActiveCfg = Release|x64
		{0D73EA96-D3EE-3A91-94E7-AF8DBD5C47DD}.Release|x64.Build.0 = Release|x64
		{B01A233E-0247-3482-B13D-AE5141CCAD0F}.Release|x64.ActiveCfg = Release|x64
		{B01A233E-0247-3482-B13D-AE5141CCAD0F}.Release|x64.Build.0 = Release|x64
		{3CCB1338-950C-3ACD-A6A0-746DE21DF0A6}.Release|x64.ActiveCfg = Release|x64
		{3CCB1338-950C-3ACD-A6A0-746DE21DF0A6}.Release|x64.Build.0 = Release|x64
		{4164763D-3F0E-330D-9732-99B620EC8861}.Release|x64.ActiveCfg = Release|x64
		{4164763D-3F0E-330D-9732-99B620EC8861}.Release|x64.Build.0 = Release|x64
		{926F0699-AF45-3EF4-B50A-BD690BF252C5}.Release|x64.ActiveCfg = Release|x64
		{926F0699-AF45-3EF4-B50A-BD690BF252C5}.Release|x64.Build.0 = Release|x64
		{7E519E00-84E6-32DE-A118-9E9BD9430069}.Release|x64.ActiveCfg = Release|x64
		{7E519E00-84E6-32DE-A118-9E9BD9430069}.Release|x64.Build.0 = Release|x64
		{0224D41A-BA7F-3221-9FAF-659A40D23FEE}.Release|x64.ActiveCfg = Release|x64
		{0224D41A-BA7F-3221-9FAF-659A40D23FEE}.Release|x64.Build.0 = Release|x64
		{C8C8650A-3C69-35E0-886F-1550A5E93BC6}.Release|x64.ActiveCfg = Release|x64
		{C8C8650A-3C69-35E0-886F-1550A5E93BC6}.Release|x64.Build.0 = Release|x64
		{3CA8522B-7C8A-3C59-ABC4-F9FC495DB85A}.Release|x64.ActiveCfg = Release|x64
		{3CA8522B-7C8A-3C59-ABC4-F9FC495DB85A}.Release|x64.Build.0 = Release|x64
		{BA4D8EB2-6461-30A8-9CED-06A6D7F76B19}.Release|x64.ActiveCfg = Release|x64
		{BA4D8EB2-6461-30A8-9CED-06A6D7F76B19}.Release|x64.Build.0 = Release|x64
		{3618F60A-CFD8-331D-A888-7793B31C4BE8}.Release|x64.ActiveCfg = Release|x64
		{3618F60A-CFD8-331D-A888-7793B31C4BE8}.Release|x64.Build.0 = Release|x64
		{35A28C82-30BD-30AC-9E32-EB82841D16CD}.Release|x64.ActiveCfg = Release|x64
		{35A28C82-30BD-30AC-9E32-EB82841D16CD}.Release|x64.Build.0 = Release|x64
		{CA81460B-6B93-38AB-863E-FDF0EEF33126}.Release|x64.ActiveCfg = Release|x64
		{CA81460B-6B93-38AB-863E-FDF0EEF33126}.Release|x64.Build.0 = Release|x64
		{645E9FD1-CEDC-3910-9AEE-33AAC12D6597}.Release|x64.ActiveCfg = Release|x64
		{645E9FD1-CEDC-3910-9AEE-33AAC12D6597}.Release|x64.Build.0 = Release|x64
		{2AD4CE98-4DD5-386B-85AB-19EE26DFFE97}.Release|x64.ActiveCfg = Release|x64
		{2AD4CE98-4DD5-386B-85AB-19EE26DFFE97}.Release|x64.Build.0 = Release|x64
		{E9A043D3-A5CA-3E12-B1B4-2ED677B77905}.Release|x64.ActiveCfg = Release|x64
		{E9A043D3-A5CA-3E12-B1B4-2ED677B77905}.Release|x64.Build.0 = Release|x64
		{04829EB1-2025-351B-ABFB-5023C533A88D}.Release|x64.ActiveCfg = Release|x64
		{04829EB1-2025-351B-ABFB-5023C533A88D}.Release|x64.Build.0 = Release|x64
		{0F49D5D1-A8D3-4F97-8BC1-E2F65BB00C10}.Release|x64.ActiveCfg = Release|x64
		{0F49D5D1-A8D3-4F97-8BC1-E2F65BB00C10}.Release|x64.Build.0 = Release|x64
		{84CBBF40-B485-41E3-B4A8-49525B89C166}.Release|x64.ActiveCfg = Release|x64
		{84CBBF40-B485-41E3-B4A8-49525B89C166}.Release|x64.Build.0 = Release|x64
		{C4FB83E0-67AD-46E3-B892-76565B491B83}.Release|x64.ActiveCfg = Release|x64
		{C4FB83E0-67AD-46E3-B892-76565B491B83}.Release|x64.Build.0 = Release|x64
		{C2882DDD-07E6-4314-AD4B-48F43F38D722}.Release|x64.ActiveCfg = Release|x64
		{C2882DDD-07E6-4314-AD4B-48F43F38D722}.Release|x64.Build.0 = Release|x64
		{42ADD379-DF64-2892-4E57-2A24FC8DA43C}.Release|x64.ActiveCfg = Release|x64
		{42ADD379-DF64-2892-4E57-2A24FC8DA43C}.Release|x64.Build.0 = Release|x64
		{6BE3C07B-535E-CC96-871B-6E346580CB61}.Release|x64.ActiveCfg = Release|x64
		{6BE3C07B-535E-CC96-871B-6E346580CB61}.Release|x64.Build.0 = Release|x64
		{84BACD6F-275B-4C60-AC5A-F541919728C5}.Release|x64.ActiveCfg = Release|x64
		{84BACD6F-275B-4C60-AC5A-F541919728C5}.Release|x64.Build.0 = Release|x64
		{58BBCDE6-473A-B683-7D16-1AD5E9D0D984}.Release|x64.ActiveCfg = Release|x64
		{58BBCDE6-473A-B683-7D16-1AD5E9D0D984}.Release|x64.Build.0 = Release|x64
		{6D3BC8A8-93A8-468E-90CE-BCEAC28B8788}.Release|x64.ActiveCfg = Release|x64
		{6D3BC8A8-93A8-468E-90CE-BCEAC28B8788}.Release|x64.Build.0 = Release|x64
		{B3D61686-7EC6-FE35-B465-6958BA6B074B}.Release|x64.ActiveCfg = Release|x64
		{B3D61686-7EC6-FE35-B465-6958BA6B074B}.Release|x64.Build.0 = Release|x64
		{96CAEA41-1A57-5F81-9F15-51D68A214C80}.Release|x64.ActiveCfg = Release|x64
		{96CAEA41-1A57-5F81-9F15-51D68A214C80}.Release|x64.Build.0 = Release|x64
		{144F9236-070C-E647-2110-3CEB2D7059D5}.Release|x64.ActiveCfg = Release|x64
		{144F9236-070C-E647-2110-3CEB2D7059D5}.Release|x64.Build.0 = Release|x64
	EndGlobalSection
	GlobalSection(SolutionProperties) = preSolution
		HideSolutionNode = FALSE
	EndGlobalSection
	GlobalSection(NestedProjects) = preSolution
		{84B9E435-B5D5-3942-B1EC-16AB179B6D73} = {F1549FEC-94A7-495A-B7B3-869FAADF5E4B}
		{811EB2B7-98B9-37C3-89AE-06CDF6A8366B} = {0B709981-69AE-494D-862C-02D7875B4852}
		{72604A43-49D3-3F46-ABE6-69262C7A6C94} = {F1549FEC-94A7-495A-B7B3-869FAADF5E4B}
		{8CA1DF25-405D-3037-91B5-8CB15F6CF57A} = {F1549FEC-94A7-495A-B7B3-869FAADF5E4B}
		{7BCD76C0-E68D-3950-B24F-37492F190CE5} = {F1549FEC-94A7-495A-B7B3-869FAADF5E4B}
		{9D2FADDD-1DEB-3031-B37B-151815782252} = {F1549FEC-94A7-495A-B7B3-869FAADF5E4B}
		{60F450F4-E3D8-34AD-9A4F-416CDAACA722} = {0B709981-69AE-494D-862C-02D7875B4852}
		{230E00DB-CC10-365B-B3B6-AA2FF796EBC2} = {0B709981-69AE-494D-862C-02D7875B4852}
		{3AA6619E-B400-3E08-8245-7DB70BF703A4} = {0B709981-69AE-494D-862C-02D7875B4852}
		{85021445-42BF-38DA-B37C-07E3B8D91E3C} = {0B709981-69AE-494D-862C-02D7875B4852}
		{D43FE4F2-7F15-3033-8604-25E4C4E01765} = {0B709981-69AE-494D-862C-02D7875B4852}
		{2D8C659B-B0CA-326A-B3F7-97D0B6C47BB3} = {0B709981-69AE-494D-862C-02D7875B4852}
		{C8AD5086-33F8-349E-BAC1-10B4DD434B72} = {0B709981-69AE-494D-862C-02D7875B4852}
		{F61FCF4F-2ECD-3C1B-8E8B-D205082DE793} = {0B709981-69AE-494D-862C-02D7875B4852}
		{E9F6CD1C-83A6-31D3-B8B2-0114A44D37A4} = {0B709981-69AE-494D-862C-02D7875B4852}
		{E1EC3E4A-DBD2-36B8-8D04-A7592E5034F2} = {0B709981-69AE-494D-862C-02D7875B4852}
		{C88F8A36-D44F-3345-BEEA-FBB7622AAA55} = {0B709981-69AE-494D-862C-02D7875B4852}
		{4C177A10-A526-3FA8-B4E1-A0D42B4004FE} = {0B709981-69AE-494D-862C-02D7875B4852}
		{34B54B85-F235-3E99-97F5-C0CFEBFD5B11} = {0B709981-69AE-494D-862C-02D7875B4852}
		{EC25B6F5-296E-31A1-AF7D-663503879020} = {0B709981-69AE-494D-862C-02D7875B4852}
		{EBE4210A-2098-3D06-9FD2-1BA50AB06BD7} = {0B709981-69AE-494D-862C-02D7875B4852}
		{F80B96BE-882C-3F0E-BE8F-0F3FD0C7C512} = {0B709981-69AE-494D-862C-02D7875B4852}
		{D2555412-ABE2-349C-B2FD-3125B9895ECF} = {0B709981-69AE-494D-862C-02D7875B4852}
		{0D73EA96-D3EE-3A91-94E7-AF8DBD5C47DD} = {0B709981-69AE-494D-862C-02D7875B4852}
		{B01A233E-0247-3482-B13D-AE5141CCAD0F} = {0B709981-69AE-494D-862C-02D7875B4852}
		{3CCB1338-950C-3ACD-A6A0-746DE21DF0A6} = {0B709981-69AE-494D-862C-02D7875B4852}
		{4164763D-3F0E-330D-9732-99B620EC8861} = {0B709981-69AE-494D-862C-02D7875B4852}
		{926F0699-AF45-3EF4-B50A-BD690BF252C5} = {0B709981-69AE-494D-862C-02D7875B4852}
		{7E519E00-84E6-32DE-A118-9E9BD9430069} = {1AD7B9A0-334E-46FE-A371-DD86E2FC7005}
		{0224D41A-BA7F-3221-9FAF-659A40D23FEE} = {F1549FEC-94A7-495A-B7B3-869FAADF5E4B}
		{C8C8650A-3C69-35E0-886F-1550A5E93BC6} = {F1549FEC-94A7-495A-B7B3-869FAADF5E4B}
		{3CA8522B-7C8A-3C59-ABC4-F9FC495DB85A} = {F1549FEC-94A7-495A-B7B3-869FAADF5E4B}
		{BA4D8EB2-6461-30A8-9CED-06A6D7F76B19} = {F1549FEC-94A7-495A-B7B3-869FAADF5E4B}
		{3618F60A-CFD8-331D-A888-7793B31C4BE8} = {1AD7B9A0-334E-46FE-A371-DD86E2FC7005}
		{35A28C82-30BD-30AC-9E32-EB82841D16CD} = {F1549FEC-94A7-495A-B7B3-869FAADF5E4B}
		{CA81460B-6B93-38AB-863E-FDF0EEF33126} = {F1549FEC-94A7-495A-B7B3-869FAADF5E4B}
		{645E9FD1-CEDC-3910-9AEE-33AAC12D6597} = {1AD7B9A0-334E-46FE-A371-DD86E2FC7005}
		{2AD4CE98-4DD5-386B-85AB-19EE26DFFE97} = {1AD7B9A0-334E-46FE-A371-DD86E2FC7005}
		{E9A043D3-A5CA-3E12-B1B4-2ED677B77905} = {1AD7B9A0-334E-46FE-A371-DD86E2FC7005}
		{04829EB1-2025-351B-ABFB-5023C533A88D} = {1AD7B9A0-334E-46FE-A371-DD86E2FC7005}
		{0F49D5D1-A8D3-4F97-8BC1-E2F65BB00C10} = {1AD7B9A0-334E-46FE-A371-DD86E2FC7005}
		{84CBBF40-B485-41E3-B4A8-49525B89C166} = {F1549FEC-94A7-495A-B7B3-869FAADF5E4B}
		{C4FB83E0-67AD-46E3-B892-76565B491B83} = {1AD7B9A0-334E-46FE-A371-DD86E2FC7005}
		{C2882DDD-07E6-4314-AD4B-48F43F38D722} = {1AD7B9A0-334E-46FE-A371-DD86E2FC7005}
		{42ADD379-DF64-2892-4E57-2A24FC8DA43C} = {1AD7B9A0-334E-46FE-A371-DD86E2FC7005}
		{6BE3C07B-535E-CC96-871B-6E346580CB61} = {F1549FEC-94A7-495A-B7B3-869FAADF5E4B}
		{84BACD6F-275B-4C60-AC5A-F541919728C5} = {1AD7B9A0-334E-46FE-A371-DD86E2FC7005}
		{58BBCDE6-473A-B683-7D16-1AD5E9D0D984} = {1AD7B9A0-334E-46FE-A371-DD86E2FC7005}
		{6D3BC8A8-93A8-468E-90CE-BCEAC28B8788} = {1AD7B9A0-334E-46FE-A371-DD86E2FC7005}
		{B3D61686-7EC6-FE35-B465-6958BA6B074B} = {0B709981-69AE-494D-862C-02D7875B4852}
		{96CAEA41-1A57-5F81-9F15-51D68A214C80} = {F1549FEC-94A7-495A-B7B3-869FAADF5E4B}
		{144F9236-070C-E647-2110-3CEB2D7059D5} = {1AD7B9A0-334E-46FE-A371-DD86E2FC7005}
	EndGlobalSection
	GlobalSection(ExtensibilityGlobals) = postSolution
		SolutionGuid = {EE9301AD-9512-43DD-9A8F-19F3F9D561F1}
	EndGlobalSection
EndGlobal
